// !$*UTF8*$!
{
	archiveVersion = 1;
	classes = {
	};
	objectVersion = 56;
	objects = {

/* Begin PBXBuildFile section */
		DC8E6F5B2ABC765600C1291A /* AppDelegate.swift in Sources */ = {isa = PBXBuildFile; fileRef = DC8E6F5A2ABC765600C1291A /* AppDelegate.swift */; };
		DC8E6F5D2ABC765600C1291A /* SceneDelegate.swift in Sources */ = {isa = PBXBuildFile; fileRef = DC8E6F5C2ABC765600C1291A /* SceneDelegate.swift */; };
		DC8E6F5F2ABC765600C1291A /* ViewController.swift in Sources */ = {isa = PBXBuildFile; fileRef = DC8E6F5E2ABC765600C1291A /* ViewController.swift */; };
		DC8E6F622ABC765600C1291A /* Main.storyboard in Resources */ = {isa = PBXBuildFile; fileRef = DC8E6F602ABC765600C1291A /* Main.storyboard */; };
		DC8E6F642ABC765800C1291A /* Assets.xcassets in Resources */ = {isa = PBXBuildFile; fileRef = DC8E6F632ABC765800C1291A /* Assets.xcassets */; };
		DC8E6F672ABC765800C1291A /* LaunchScreen.storyboard in Resources */ = {isa = PBXBuildFile; fileRef = DC8E6F652ABC765800C1291A /* LaunchScreen.storyboard */; };
		DC8E6F722ABC765900C1291A /* NumberTriviaSwiftTests.swift in Sources */ = {isa = PBXBuildFile; fileRef = DC8E6F712ABC765900C1291A /* NumberTriviaSwiftTests.swift */; };
		DC8E6F7C2ABC765900C1291A /* NumberTriviaSwiftUITests.swift in Sources */ = {isa = PBXBuildFile; fileRef = DC8E6F7B2ABC765900C1291A /* NumberTriviaSwiftUITests.swift */; };
		DC8E6F7E2ABC765900C1291A /* NumberTriviaSwiftUITestsLaunchTests.swift in Sources */ = {isa = PBXBuildFile; fileRef = DC8E6F7D2ABC765900C1291A /* NumberTriviaSwiftUITestsLaunchTests.swift */; };
/* End PBXBuildFile section */

/* Begin PBXContainerItemProxy section */
		DC8E6F6E2ABC765900C1291A /* PBXContainerItemProxy */ = {
			isa = PBXContainerItemProxy;
			containerPortal = DC8E6F4F2ABC765600C1291A /* Project object */;
			proxyType = 1;
			remoteGlobalIDString = DC8E6F562ABC765600C1291A;
			remoteInfo = NumberTriviaSwift;
		};
		DC8E6F782ABC765900C1291A /* PBXContainerItemProxy */ = {
			isa = PBXContainerItemProxy;
			containerPortal = DC8E6F4F2ABC765600C1291A /* Project object */;
			proxyType = 1;
			remoteGlobalIDString = DC8E6F562ABC765600C1291A;
			remoteInfo = NumberTriviaSwift;
		};
/* End PBXContainerItemProxy section */

/* Begin PBXFileReference section */
		DC8E6F572ABC765600C1291A /* NumberTriviaSwift.app */ = {isa = PBXFileReference; explicitFileType = wrapper.application; includeInIndex = 0; path = NumberTriviaSwift.app; sourceTree = BUILT_PRODUCTS_DIR; };
		DC8E6F5A2ABC765600C1291A /* AppDelegate.swift */ = {isa = PBXFileReference; lastKnownFileType = sourcecode.swift; path = AppDelegate.swift; sourceTree = "<group>"; };
		DC8E6F5C2ABC765600C1291A /* SceneDelegate.swift */ = {isa = PBXFileReference; lastKnownFileType = sourcecode.swift; path = SceneDelegate.swift; sourceTree = "<group>"; };
		DC8E6F5E2ABC765600C1291A /* ViewController.swift */ = {isa = PBXFileReference; lastKnownFileType = sourcecode.swift; path = ViewController.swift; sourceTree = "<group>"; };
		DC8E6F612ABC765600C1291A /* Base */ = {isa = PBXFileReference; lastKnownFileType = file.storyboard; name = Base; path = Base.lproj/Main.storyboard; sourceTree = "<group>"; };
		DC8E6F632ABC765800C1291A /* Assets.xcassets */ = {isa = PBXFileReference; lastKnownFileType = folder.assetcatalog; path = Assets.xcassets; sourceTree = "<group>"; };
		DC8E6F662ABC765800C1291A /* Base */ = {isa = PBXFileReference; lastKnownFileType = file.storyboard; name = Base; path = Base.lproj/LaunchScreen.storyboard; sourceTree = "<group>"; };
		DC8E6F682ABC765800C1291A /* Info.plist */ = {isa = PBXFileReference; lastKnownFileType = text.plist.xml; path = Info.plist; sourceTree = "<group>"; };
		DC8E6F6D2ABC765900C1291A /* NumberTriviaSwiftTests.xctest */ = {isa = PBXFileReference; explicitFileType = wrapper.cfbundle; includeInIndex = 0; path = NumberTriviaSwiftTests.xctest; sourceTree = BUILT_PRODUCTS_DIR; };
		DC8E6F712ABC765900C1291A /* NumberTriviaSwiftTests.swift */ = {isa = PBXFileReference; lastKnownFileType = sourcecode.swift; path = NumberTriviaSwiftTests.swift; sourceTree = "<group>"; };
		DC8E6F772ABC765900C1291A /* NumberTriviaSwiftUITests.xctest */ = {isa = PBXFileReference; explicitFileType = wrapper.cfbundle; includeInIndex = 0; path = NumberTriviaSwiftUITests.xctest; sourceTree = BUILT_PRODUCTS_DIR; };
		DC8E6F7B2ABC765900C1291A /* NumberTriviaSwiftUITests.swift */ = {isa = PBXFileReference; lastKnownFileType = sourcecode.swift; path = NumberTriviaSwiftUITests.swift; sourceTree = "<group>"; };
		DC8E6F7D2ABC765900C1291A /* NumberTriviaSwiftUITestsLaunchTests.swift */ = {isa = PBXFileReference; lastKnownFileType = sourcecode.swift; path = NumberTriviaSwiftUITestsLaunchTests.swift; sourceTree = "<group>"; };
/* End PBXFileReference section */

/* Begin PBXFrameworksBuildPhase section */
		DC8E6F542ABC765600C1291A /* Frameworks */ = {
			isa = PBXFrameworksBuildPhase;
			buildActionMask = 2147483647;
			files = (
			);
			runOnlyForDeploymentPostprocessing = 0;
		};
		DC8E6F6A2ABC765900C1291A /* Frameworks */ = {
			isa = PBXFrameworksBuildPhase;
			buildActionMask = 2147483647;
			files = (
			);
			runOnlyForDeploymentPostprocessing = 0;
		};
		DC8E6F742ABC765900C1291A /* Frameworks */ = {
			isa = PBXFrameworksBuildPhase;
			buildActionMask = 2147483647;
			files = (
			);
			runOnlyForDeploymentPostprocessing = 0;
		};
/* End PBXFrameworksBuildPhase section */

/* Begin PBXGroup section */
		DC8E6F4E2ABC765600C1291A = {
			isa = PBXGroup;
			children = (
				DC8E6F592ABC765600C1291A /* NumberTriviaSwift */,
				DC8E6F702ABC765900C1291A /* NumberTriviaSwiftTests */,
				DC8E6F7A2ABC765900C1291A /* NumberTriviaSwiftUITests */,
				DC8E6F582ABC765600C1291A /* Products */,
			);
			sourceTree = "<group>";
		};
		DC8E6F582ABC765600C1291A /* Products */ = {
			isa = PBXGroup;
			children = (
				DC8E6F572ABC765600C1291A /* NumberTriviaSwift.app */,
				DC8E6F6D2ABC765900C1291A /* NumberTriviaSwiftTests.xctest */,
				DC8E6F772ABC765900C1291A /* NumberTriviaSwiftUITests.xctest */,
			);
			name = Products;
			sourceTree = "<group>";
		};
		DC8E6F592ABC765600C1291A /* NumberTriviaSwift */ = {
			isa = PBXGroup;
			children = (
				DC8E6F5A2ABC765600C1291A /* AppDelegate.swift */,
				DC8E6F5C2ABC765600C1291A /* SceneDelegate.swift */,
				DC8E6F5E2ABC765600C1291A /* ViewController.swift */,
				DC8E6F602ABC765600C1291A /* Main.storyboard */,
				DC8E6F632ABC765800C1291A /* Assets.xcassets */,
				DC8E6F652ABC765800C1291A /* LaunchScreen.storyboard */,
				DC8E6F682ABC765800C1291A /* Info.plist */,
			);
			path = NumberTriviaSwift;
			sourceTree = "<group>";
		};
		DC8E6F702ABC765900C1291A /* NumberTriviaSwiftTests */ = {
			isa = PBXGroup;
			children = (
				DC8E6F712ABC765900C1291A /* NumberTriviaSwiftTests.swift */,
			);
			path = NumberTriviaSwiftTests;
			sourceTree = "<group>";
		};
		DC8E6F7A2ABC765900C1291A /* NumberTriviaSwiftUITests */ = {
			isa = PBXGroup;
			children = (
				DC8E6F7B2ABC765900C1291A /* NumberTriviaSwiftUITests.swift */,
				DC8E6F7D2ABC765900C1291A /* NumberTriviaSwiftUITestsLaunchTests.swift */,
			);
			path = NumberTriviaSwiftUITests;
			sourceTree = "<group>";
		};
/* End PBXGroup section */

/* Begin PBXNativeTarget section */
		DC8E6F562ABC765600C1291A /* NumberTriviaSwift */ = {
			isa = PBXNativeTarget;
			buildConfigurationList = DC8E6F812ABC765900C1291A /* Build configuration list for PBXNativeTarget "NumberTriviaSwift" */;
			buildPhases = (
				DC8E6F532ABC765600C1291A /* Sources */,
				DC8E6F542ABC765600C1291A /* Frameworks */,
				DC8E6F552ABC765600C1291A /* Resources */,
			);
			buildRules = (
			);
			dependencies = (
			);
			name = NumberTriviaSwift;
			productName = NumberTriviaSwift;
			productReference = DC8E6F572ABC765600C1291A /* NumberTriviaSwift.app */;
			productType = "com.apple.product-type.application";
		};
		DC8E6F6C2ABC765900C1291A /* NumberTriviaSwiftTests */ = {
			isa = PBXNativeTarget;
			buildConfigurationList = DC8E6F842ABC765900C1291A /* Build configuration list for PBXNativeTarget "NumberTriviaSwiftTests" */;
			buildPhases = (
				DC8E6F692ABC765900C1291A /* Sources */,
				DC8E6F6A2ABC765900C1291A /* Frameworks */,
				DC8E6F6B2ABC765900C1291A /* Resources */,
			);
			buildRules = (
			);
			dependencies = (
				DC8E6F6F2ABC765900C1291A /* PBXTargetDependency */,
			);
			name = NumberTriviaSwiftTests;
			productName = NumberTriviaSwiftTests;
			productReference = DC8E6F6D2ABC765900C1291A /* NumberTriviaSwiftTests.xctest */;
			productType = "com.apple.product-type.bundle.unit-test";
		};
		DC8E6F762ABC765900C1291A /* NumberTriviaSwiftUITests */ = {
			isa = PBXNativeTarget;
			buildConfigurationList = DC8E6F872ABC765900C1291A /* Build configuration list for PBXNativeTarget "NumberTriviaSwiftUITests" */;
			buildPhases = (
				DC8E6F732ABC765900C1291A /* Sources */,
				DC8E6F742ABC765900C1291A /* Frameworks */,
				DC8E6F752ABC765900C1291A /* Resources */,
			);
			buildRules = (
			);
			dependencies = (
				DC8E6F792ABC765900C1291A /* PBXTargetDependency */,
			);
			name = NumberTriviaSwiftUITests;
			productName = NumberTriviaSwiftUITests;
			productReference = DC8E6F772ABC765900C1291A /* NumberTriviaSwiftUITests.xctest */;
			productType = "com.apple.product-type.bundle.ui-testing";
		};
/* End PBXNativeTarget section */

/* Begin PBXProject section */
		DC8E6F4F2ABC765600C1291A /* Project object */ = {
			isa = PBXProject;
			attributes = {
				BuildIndependentTargetsInParallel = 1;
				LastSwiftUpdateCheck = 1430;
				LastUpgradeCheck = 1430;
				TargetAttributes = {
					DC8E6F562ABC765600C1291A = {
						CreatedOnToolsVersion = 14.3.1;
					};
					DC8E6F6C2ABC765900C1291A = {
						CreatedOnToolsVersion = 14.3.1;
						TestTargetID = DC8E6F562ABC765600C1291A;
					};
					DC8E6F762ABC765900C1291A = {
						CreatedOnToolsVersion = 14.3.1;
						TestTargetID = DC8E6F562ABC765600C1291A;
					};
				};
			};
			buildConfigurationList = DC8E6F522ABC765600C1291A /* Build configuration list for PBXProject "NumberTriviaSwift" */;
			compatibilityVersion = "Xcode 14.0";
			developmentRegion = en;
			hasScannedForEncodings = 0;
			knownRegions = (
				en,
				Base,
			);
			mainGroup = DC8E6F4E2ABC765600C1291A;
			productRefGroup = DC8E6F582ABC765600C1291A /* Products */;
			projectDirPath = "";
			projectRoot = "";
			targets = (
				DC8E6F562ABC765600C1291A /* NumberTriviaSwift */,
				DC8E6F6C2ABC765900C1291A /* NumberTriviaSwiftTests */,
				DC8E6F762ABC765900C1291A /* NumberTriviaSwiftUITests */,
			);
		};
/* End PBXProject section */

/* Begin PBXResourcesBuildPhase section */
		DC8E6F552ABC765600C1291A /* Resources */ = {
			isa = PBXResourcesBuildPhase;
			buildActionMask = 2147483647;
			files = (
				DC8E6F672ABC765800C1291A /* LaunchScreen.storyboard in Resources */,
				DC8E6F642ABC765800C1291A /* Assets.xcassets in Resources */,
				DC8E6F622ABC765600C1291A /* Main.storyboard in Resources */,
			);
			runOnlyForDeploymentPostprocessing = 0;
		};
		DC8E6F6B2ABC765900C1291A /* Resources */ = {
			isa = PBXResourcesBuildPhase;
			buildActionMask = 2147483647;
			files = (
			);
			runOnlyForDeploymentPostprocessing = 0;
		};
		DC8E6F752ABC765900C1291A /* Resources */ = {
			isa = PBXResourcesBuildPhase;
			buildActionMask = 2147483647;
			files = (
			);
			runOnlyForDeploymentPostprocessing = 0;
		};
/* End PBXResourcesBuildPhase section */

/* Begin PBXSourcesBuildPhase section */
		DC8E6F532ABC765600C1291A /* Sources */ = {
			isa = PBXSourcesBuildPhase;
			buildActionMask = 2147483647;
			files = (
				DC8E6F5F2ABC765600C1291A /* ViewController.swift in Sources */,
				DC8E6F5B2ABC765600C1291A /* AppDelegate.swift in Sources */,
				DC8E6F5D2ABC765600C1291A /* SceneDelegate.swift in Sources */,
			);
			runOnlyForDeploymentPostprocessing = 0;
		};
		DC8E6F692ABC765900C1291A /* Sources */ = {
			isa = PBXSourcesBuildPhase;
			buildActionMask = 2147483647;
			files = (
				DC8E6F722ABC765900C1291A /* NumberTriviaSwiftTests.swift in Sources */,
			);
			runOnlyForDeploymentPostprocessing = 0;
		};
		DC8E6F732ABC765900C1291A /* Sources */ = {
			isa = PBXSourcesBuildPhase;
			buildActionMask = 2147483647;
			files = (
				DC8E6F7E2ABC765900C1291A /* NumberTriviaSwiftUITestsLaunchTests.swift in Sources */,
				DC8E6F7C2ABC765900C1291A /* NumberTriviaSwiftUITests.swift in Sources */,
			);
			runOnlyForDeploymentPostprocessing = 0;
		};
/* End PBXSourcesBuildPhase section */

/* Begin PBXTargetDependency section */
		DC8E6F6F2ABC765900C1291A /* PBXTargetDependency */ = {
			isa = PBXTargetDependency;
			target = DC8E6F562ABC765600C1291A /* NumberTriviaSwift */;
			targetProxy = DC8E6F6E2ABC765900C1291A /* PBXContainerItemProxy */;
		};
		DC8E6F792ABC765900C1291A /* PBXTargetDependency */ = {
			isa = PBXTargetDependency;
			target = DC8E6F562ABC765600C1291A /* NumberTriviaSwift */;
			targetProxy = DC8E6F782ABC765900C1291A /* PBXContainerItemProxy */;
		};
/* End PBXTargetDependency section */

/* Begin PBXVariantGroup section */
		DC8E6F602ABC765600C1291A /* Main.storyboard */ = {
			isa = PBXVariantGroup;
			children = (
				DC8E6F612ABC765600C1291A /* Base */,
			);
			name = Main.storyboard;
			sourceTree = "<group>";
		};
		DC8E6F652ABC765800C1291A /* LaunchScreen.storyboard */ = {
			isa = PBXVariantGroup;
			children = (
				DC8E6F662ABC765800C1291A /* Base */,
			);
			name = LaunchScreen.storyboard;
			sourceTree = "<group>";
		};
/* End PBXVariantGroup section */

/* Begin XCBuildConfiguration section */
		DC8E6F7F2ABC765900C1291A /* Debug */ = {
			isa = XCBuildConfiguration;
			buildSettings = {
				ALWAYS_SEARCH_USER_PATHS = NO;
				CLANG_ANALYZER_NONNULL = YES;
				CLANG_ANALYZER_NUMBER_OBJECT_CONVERSION = YES_AGGRESSIVE;
				CLANG_CXX_LANGUAGE_STANDARD = "gnu++20";
				CLANG_ENABLE_MODULES = YES;
				CLANG_ENABLE_OBJC_ARC = YES;
				CLANG_ENABLE_OBJC_WEAK = YES;
				CLANG_WARN_BLOCK_CAPTURE_AUTORELEASING = YES;
				CLANG_WARN_BOOL_CONVERSION = YES;
				CLANG_WARN_COMMA = YES;
				CLANG_WARN_CONSTANT_CONVERSION = YES;
				CLANG_WARN_DEPRECATED_OBJC_IMPLEMENTATIONS = YES;
				CLANG_WARN_DIRECT_OBJC_ISA_USAGE = YES_ERROR;
				CLANG_WARN_DOCUMENTATION_COMMENTS = YES;
				CLANG_WARN_EMPTY_BODY = YES;
				CLANG_WARN_ENUM_CONVERSION = YES;
				CLANG_WARN_INFINITE_RECURSION = YES;
				CLANG_WARN_INT_CONVERSION = YES;
				CLANG_WARN_NON_LITERAL_NULL_CONVERSION = YES;
				CLANG_WARN_OBJC_IMPLICIT_RETAIN_SELF = YES;
				CLANG_WARN_OBJC_LITERAL_CONVERSION = YES;
				CLANG_WARN_OBJC_ROOT_CLASS = YES_ERROR;
				CLANG_WARN_QUOTED_INCLUDE_IN_FRAMEWORK_HEADER = YES;
				CLANG_WARN_RANGE_LOOP_ANALYSIS = YES;
				CLANG_WARN_STRICT_PROTOTYPES = YES;
				CLANG_WARN_SUSPICIOUS_MOVE = YES;
				CLANG_WARN_UNGUARDED_AVAILABILITY = YES_AGGRESSIVE;
				CLANG_WARN_UNREACHABLE_CODE = YES;
				CLANG_WARN__DUPLICATE_METHOD_MATCH = YES;
				COPY_PHASE_STRIP = NO;
				DEBUG_INFORMATION_FORMAT = dwarf;
				ENABLE_STRICT_OBJC_MSGSEND = YES;
				ENABLE_TESTABILITY = YES;
				GCC_C_LANGUAGE_STANDARD = gnu11;
				GCC_DYNAMIC_NO_PIC = NO;
				GCC_NO_COMMON_BLOCKS = YES;
				GCC_OPTIMIZATION_LEVEL = 0;
				GCC_PREPROCESSOR_DEFINITIONS = (
					"DEBUG=1",
					"$(inherited)",
				);
				GCC_WARN_64_TO_32_BIT_CONVERSION = YES;
				GCC_WARN_ABOUT_RETURN_TYPE = YES_ERROR;
				GCC_WARN_UNDECLARED_SELECTOR = YES;
				GCC_WARN_UNINITIALIZED_AUTOS = YES_AGGRESSIVE;
				GCC_WARN_UNUSED_FUNCTION = YES;
				GCC_WARN_UNUSED_VARIABLE = YES;
				IPHONEOS_DEPLOYMENT_TARGET = 16.4;
				MTL_ENABLE_DEBUG_INFO = INCLUDE_SOURCE;
				MTL_FAST_MATH = YES;
				ONLY_ACTIVE_ARCH = YES;
				SDKROOT = iphoneos;
				SWIFT_ACTIVE_COMPILATION_CONDITIONS = DEBUG;
				SWIFT_OPTIMIZATION_LEVEL = "-Onone";
			};
			name = Debug;
		};
		DC8E6F802ABC765900C1291A /* Release */ = {
			isa = XCBuildConfiguration;
			buildSettings = {
				ALWAYS_SEARCH_USER_PATHS = NO;
				CLANG_ANALYZER_NONNULL = YES;
				CLANG_ANALYZER_NUMBER_OBJECT_CONVERSION = YES_AGGRESSIVE;
				CLANG_CXX_LANGUAGE_STANDARD = "gnu++20";
				CLANG_ENABLE_MODULES = YES;
				CLANG_ENABLE_OBJC_ARC = YES;
				CLANG_ENABLE_OBJC_WEAK = YES;
				CLANG_WARN_BLOCK_CAPTURE_AUTORELEASING = YES;
				CLANG_WARN_BOOL_CONVERSION = YES;
				CLANG_WARN_COMMA = YES;
				CLANG_WARN_CONSTANT_CONVERSION = YES;
				CLANG_WARN_DEPRECATED_OBJC_IMPLEMENTATIONS = YES;
				CLANG_WARN_DIRECT_OBJC_ISA_USAGE = YES_ERROR;
				CLANG_WARN_DOCUMENTATION_COMMENTS = YES;
				CLANG_WARN_EMPTY_BODY = YES;
				CLANG_WARN_ENUM_CONVERSION = YES;
				CLANG_WARN_INFINITE_RECURSION = YES;
				CLANG_WARN_INT_CONVERSION = YES;
				CLANG_WARN_NON_LITERAL_NULL_CONVERSION = YES;
				CLANG_WARN_OBJC_IMPLICIT_RETAIN_SELF = YES;
				CLANG_WARN_OBJC_LITERAL_CONVERSION = YES;
				CLANG_WARN_OBJC_ROOT_CLASS = YES_ERROR;
				CLANG_WARN_QUOTED_INCLUDE_IN_FRAMEWORK_HEADER = YES;
				CLANG_WARN_RANGE_LOOP_ANALYSIS = YES;
				CLANG_WARN_STRICT_PROTOTYPES = YES;
				CLANG_WARN_SUSPICIOUS_MOVE = YES;
				CLANG_WARN_UNGUARDED_AVAILABILITY = YES_AGGRESSIVE;
				CLANG_WARN_UNREACHABLE_CODE = YES;
				CLANG_WARN__DUPLICATE_METHOD_MATCH = YES;
				COPY_PHASE_STRIP = NO;
				DEBUG_INFORMATION_FORMAT = "dwarf-with-dsym";
				ENABLE_NS_ASSERTIONS = NO;
				ENABLE_STRICT_OBJC_MSGSEND = YES;
				GCC_C_LANGUAGE_STANDARD = gnu11;
				GCC_NO_COMMON_BLOCKS = YES;
				GCC_WARN_64_TO_32_BIT_CONVERSION = YES;
				GCC_WARN_ABOUT_RETURN_TYPE = YES_ERROR;
				GCC_WARN_UNDECLARED_SELECTOR = YES;
				GCC_WARN_UNINITIALIZED_AUTOS = YES_AGGRESSIVE;
				GCC_WARN_UNUSED_FUNCTION = YES;
				GCC_WARN_UNUSED_VARIABLE = YES;
				IPHONEOS_DEPLOYMENT_TARGET = 16.4;
				MTL_ENABLE_DEBUG_INFO = NO;
				MTL_FAST_MATH = YES;
				SDKROOT = iphoneos;
				SWIFT_COMPILATION_MODE = wholemodule;
				SWIFT_OPTIMIZATION_LEVEL = "-O";
				VALIDATE_PRODUCT = YES;
			};
			name = Release;
		};
		DC8E6F822ABC765900C1291A /* Debug */ = {
			isa = XCBuildConfiguration;
			buildSettings = {
				ASSETCATALOG_COMPILER_APPICON_NAME = AppIcon;
				ASSETCATALOG_COMPILER_GLOBAL_ACCENT_COLOR_NAME = AccentColor;
				CODE_SIGN_STYLE = Automatic;
				CURRENT_PROJECT_VERSION = 1;
				DEVELOPMENT_TEAM = 3978JEAFBL;
				GENERATE_INFOPLIST_FILE = YES;
				INFOPLIST_FILE = NumberTriviaSwift/Info.plist;
				INFOPLIST_KEY_UIApplicationSupportsIndirectInputEvents = YES;
				INFOPLIST_KEY_UILaunchStoryboardName = LaunchScreen;
				INFOPLIST_KEY_UIMainStoryboardFile = Main;
				INFOPLIST_KEY_UISupportedInterfaceOrientations_iPad = "UIInterfaceOrientationPortrait UIInterfaceOrientationPortraitUpsideDown UIInterfaceOrientationLandscapeLeft UIInterfaceOrientationLandscapeRight";
				INFOPLIST_KEY_UISupportedInterfaceOrientations_iPhone = "UIInterfaceOrientationPortrait UIInterfaceOrientationLandscapeLeft UIInterfaceOrientationLandscapeRight";
				LD_RUNPATH_SEARCH_PATHS = (
					"$(inherited)",
					"@executable_path/Frameworks",
				);
				MARKETING_VERSION = 1.0;
				PRODUCT_BUNDLE_IDENTIFIER = "Rotem-Nevgauker.NumberTriviaSwift";
				PRODUCT_NAME = "$(TARGET_NAME)";
				SWIFT_EMIT_LOC_STRINGS = YES;
				SWIFT_VERSION = 5.0;
				TARGETED_DEVICE_FAMILY = "1,2";
			};
			name = Debug;
		};
		DC8E6F832ABC765900C1291A /* Release */ = {
			isa = XCBuildConfiguration;
			buildSettings = {
				ASSETCATALOG_COMPILER_APPICON_NAME = AppIcon;
				ASSETCATALOG_COMPILER_GLOBAL_ACCENT_COLOR_NAME = AccentColor;
				CODE_SIGN_STYLE = Automatic;
				CURRENT_PROJECT_VERSION = 1;
				DEVELOPMENT_TEAM = 3978JEAFBL;
				GENERATE_INFOPLIST_FILE = YES;
				INFOPLIST_FILE = NumberTriviaSwift/Info.plist;
				INFOPLIST_KEY_UIApplicationSupportsIndirectInputEvents = YES;
				INFOPLIST_KEY_UILaunchStoryboardName = LaunchScreen;
				INFOPLIST_KEY_UIMainStoryboardFile = Main;
				INFOPLIST_KEY_UISupportedInterfaceOrientations_iPad = "UIInterfaceOrientationPortrait UIInterfaceOrientationPortraitUpsideDown UIInterfaceOrientationLandscapeLeft UIInterfaceOrientationLandscapeRight";
				INFOPLIST_KEY_UISupportedInterfaceOrientations_iPhone = "UIInterfaceOrientationPortrait UIInterfaceOrientationLandscapeLeft UIInterfaceOrientationLandscapeRight";
				LD_RUNPATH_SEARCH_PATHS = (
					"$(inherited)",
					"@executable_path/Frameworks",
				);
				MARKETING_VERSION = 1.0;
				PRODUCT_BUNDLE_IDENTIFIER = "Rotem-Nevgauker.NumberTriviaSwift";
				PRODUCT_NAME = "$(TARGET_NAME)";
				SWIFT_EMIT_LOC_STRINGS = YES;
				SWIFT_VERSION = 5.0;
				TARGETED_DEVICE_FAMILY = "1,2";
			};
			name = Release;
		};
		DC8E6F852ABC765900C1291A /* Debug */ = {
			isa = XCBuildConfiguration;
			buildSettings = {
				ALWAYS_EMBED_SWIFT_STANDARD_LIBRARIES = YES;
				BUNDLE_LOADER = "$(TEST_HOST)";
				CODE_SIGN_STYLE = Automatic;
				CURRENT_PROJECT_VERSION = 1;
				DEVELOPMENT_TEAM = 3978JEAFBL;
				GENERATE_INFOPLIST_FILE = YES;
				IPHONEOS_DEPLOYMENT_TARGET = 16.4;
				MARKETING_VERSION = 1.0;
				PRODUCT_BUNDLE_IDENTIFIER = "Rotem-Nevgauker.NumberTriviaSwiftTests";
				PRODUCT_NAME = "$(TARGET_NAME)";
				SWIFT_EMIT_LOC_STRINGS = NO;
				SWIFT_VERSION = 5.0;
				TARGETED_DEVICE_FAMILY = "1,2";
				TEST_HOST = "$(BUILT_PRODUCTS_DIR)/NumberTriviaSwift.app/$(BUNDLE_EXECUTABLE_FOLDER_PATH)/NumberTriviaSwift";
			};
			name = Debug;
		};
		DC8E6F862ABC765900C1291A /* Release */ = {
			isa = XCBuildConfiguration;
			buildSettings = {
				ALWAYS_EMBED_SWIFT_STANDARD_LIBRARIES = YES;
				BUNDLE_LOADER = "$(TEST_HOST)";
				CODE_SIGN_STYLE = Automatic;
				CURRENT_PROJECT_VERSION = 1;
				DEVELOPMENT_TEAM = 3978JEAFBL;
				GENERATE_INFOPLIST_FILE = YES;
				IPHONEOS_DEPLOYMENT_TARGET = 16.4;
				MARKETING_VERSION = 1.0;
				PRODUCT_BUNDLE_IDENTIFIER = "Rotem-Nevgauker.NumberTriviaSwiftTests";
				PRODUCT_NAME = "$(TARGET_NAME)";
				SWIFT_EMIT_LOC_STRINGS = NO;
				SWIFT_VERSION = 5.0;
				TARGETED_DEVICE_FAMILY = "1,2";
				TEST_HOST = "$(BUILT_PRODUCTS_DIR)/NumberTriviaSwift.app/$(BUNDLE_EXECUTABLE_FOLDER_PATH)/NumberTriviaSwift";
			};
			name = Release;
		};
		DC8E6F882ABC765900C1291A /* Debug */ = {
			isa = XCBuildConfiguration;
			buildSettings = {
				ALWAYS_EMBED_SWIFT_STANDARD_LIBRARIES = YES;
				CODE_SIGN_STYLE = Automatic;
				CURRENT_PROJECT_VERSION = 1;
				DEVELOPMENT_TEAM = 3978JEAFBL;
				GENERATE_INFOPLIST_FILE = YES;
				MARKETING_VERSION = 1.0;
				PRODUCT_BUNDLE_IDENTIFIER = "Rotem-Nevgauker.NumberTriviaSwiftUITests";
				PRODUCT_NAME = "$(TARGET_NAME)";
				SWIFT_EMIT_LOC_STRINGS = NO;
				SWIFT_VERSION = 5.0;
				TARGETED_DEVICE_FAMILY = "1,2";
				TEST_TARGET_NAME = NumberTriviaSwift;
			};
			name = Debug;
		};
		DC8E6F892ABC765900C1291A /* Release */ = {
			isa = XCBuildConfiguration;
			buildSettings = {
				ALWAYS_EMBED_SWIFT_STANDARD_LIBRARIES = YES;
				CODE_SIGN_STYLE = Automatic;
				CURRENT_PROJECT_VERSION = 1;
				DEVELOPMENT_TEAM = 3978JEAFBL;
				GENERATE_INFOPLIST_FILE = YES;
				MARKETING_VERSION = 1.0;
				PRODUCT_BUNDLE_IDENTIFIER = "Rotem-Nevgauker.NumberTriviaSwiftUITests";
				PRODUCT_NAME = "$(TARGET_NAME)";
				SWIFT_EMIT_LOC_STRINGS = NO;
				SWIFT_VERSION = 5.0;
				TARGETED_DEVICE_FAMILY = "1,2";
				TEST_TARGET_NAME = NumberTriviaSwift;
			};
			name = Release;
		};
/* End XCBuildConfiguration section */

/* Begin XCConfigurationList section */
		DC8E6F522ABC765600C1291A /* Build configuration list for PBXProject "NumberTriviaSwift" */ = {
			isa = XCConfigurationList;
			buildConfigurations = (
				DC8E6F7F2ABC765900C1291A /* Debug */,
				DC8E6F802ABC765900C1291A /* Release */,
			);
			defaultConfigurationIsVisible = 0;
			defaultConfigurationName = Release;
		};
		DC8E6F812ABC765900C1291A /* Build configuration list for PBXNativeTarget "NumberTriviaSwift" */ = {
			isa = XCConfigurationList;
			buildConfigurations = (
				DC8E6F822ABC765900C1291A /* Debug */,
				DC8E6F832ABC765900C1291A /* Release */,
			);
			defaultConfigurationIsVisible = 0;
			defaultConfigurationName = Release;
		};
		DC8E6F842ABC765900C1291A /* Build configuration list for PBXNativeTarget "NumberTriviaSwiftTests" */ = {
			isa = XCConfigurationList;
			buildConfigurations = (
				DC8E6F852ABC765900C1291A /* Debug */,
				DC8E6F862ABC765900C1291A /* Release */,
			);
			defaultConfigurationIsVisible = 0;
			defaultConfigurationName = Release;
		};
		DC8E6F872ABC765900C1291A /* Build configuration list for PBXNativeTarget "NumberTriviaSwiftUITests" */ = {
			isa = XCConfigurationList;
			buildConfigurations = (
				DC8E6F882ABC765900C1291A /* Debug */,
				DC8E6F892ABC765900C1291A /* Release */,
			);
			defaultConfigurationIsVisible = 0;
			defaultConfigurationName = Release;
		};
/* End XCConfigurationList section */
	};
	rootObject = DC8E6F4F2ABC765600C1291A /* Project object */;
}
